Microsoft Visual Studio Solution File, Format Version 11.00
# Visual Studio 2008

Project("{2E82B9DF-BEDB-E6D6-E757-721B03521A3C}") = "IntroToLit_TheRaven", "Assembly-CSharp-firstpass.csproj", "{BDC9BE24-7F98-4261-2A45-97A88EFEF76E}"
EndProject
Project("{2E82B9DF-BEDB-E6D6-E757-721B03521A3C}") = "IntroToLit_TheRaven", "Assembly-CSharp.csproj", "{5915C8A6-EF80-8DDC-CA81-67565844B447}"
EndProject
Project("{2E82B9DF-BEDB-E6D6-E757-721B03521A3C}") = "IntroToLit_TheRaven", "Assembly-UnityScript-firstpass.unityproj", "{3043F76D-A313-7078-D663-2D9DC8F2D714}"
EndProject
Project("{2E82B9DF-BEDB-E6D6-E757-721B03521A3C}") = "IntroToLit_TheRaven", "Assembly-UnityScript.unityproj", "{F20CD4EC-E3FA-FF12-227E-97A3003BDEA8}"
EndProject
Global
	GlobalSection(SolutionConfigurationPlatforms) = preSolution
		Debug|Any CPU = Debug|Any CPU
		Release|Any CPU = Release|Any CPU
	EndGlobalSection
	GlobalSection(ProjectConfigurationPlatforms) = postSolution
		{BDC9BE24-7F98-4261-2A45-97A88EFEF76E}.Debug|Any CPU.ActiveCfg = Debug|Any CPU
		{BDC9BE24-7F98-4261-2A45-97A88EFEF76E}.Debug|Any CPU.Build.0 = Debug|Any CPU
		{BDC9BE24-7F98-4261-2A45-97A88EFEF76E}.Release|Any CPU.ActiveCfg = Release|Any CPU
		{BDC9BE24-7F98-4261-2A45-97A88EFEF76E}.Release|Any CPU.Build.0 = Release|Any CPU
		{5915C8A6-EF80-8DDC-CA81-67565844B447}.Debug|Any CPU.ActiveCfg = Debug|Any CPU
		{5915C8A6-EF80-8DDC-CA81-67565844B447}.Debug|Any CPU.Build.0 = Debug|Any CPU
		{5915C8A6-EF80-8DDC-CA81-67565844B447}.Release|Any CPU.ActiveCfg = Release|Any CPU
		{5915C8A6-EF80-8DDC-CA81-67565844B447}.Release|Any CPU.Build.0 = Release|Any CPU
		{3043F76D-A313-7078-D663-2D9DC8F2D714}.Debug|Any CPU.ActiveCfg = Debug|Any CPU
		{3043F76D-A313-7078-D663-2D9DC8F2D714}.Debug|Any CPU.Build.0 = Debug|Any CPU
		{3043F76D-A313-7078-D663-2D9DC8F2D714}.Release|Any CPU.ActiveCfg = Release|Any CPU
		{3043F76D-A313-7078-D663-2D9DC8F2D714}.Release|Any CPU.Build.0 = Release|Any CPU
		{F20CD4EC-E3FA-FF12-227E-97A3003BDEA8}.Debug|Any CPU.ActiveCfg = Debug|Any CPU
		{F20CD4EC-E3FA-FF12-227E-97A3003BDEA8}.Debug|Any CPU.Build.0 = Debug|Any CPU
		{F20CD4EC-E3FA-FF12-227E-97A3003BDEA8}.Release|Any CPU.ActiveCfg = Release|Any CPU
		{F20CD4EC-E3FA-FF12-227E-97A3003BDEA8}.Release|Any CPU.Build.0 = Release|Any CPU
	EndGlobalSection
	GlobalSection(SolutionProperties) = preSolution
		HideSolutionNode = FALSE
	EndGlobalSection
										GlobalSection(MonoDevelopProperties) = preSolution
		StartupItem = Assembly-CSharp.csproj
		Policies = $0
		$0.TextStylePolicy = $1
		$1.inheritsSet = null
		$1.scope = text/x-csharp
		$0.CSharpFormattingPolicy = $2
		$2.inheritsSet = Mono
		$2.inheritsScope = text/x-csharp
		$2.scope = text/x-csharp
		$0.TextStylePolicy = $3
		$3.FileWidth = 120
		$3.TabWidth = 4
		$3.EolMarker = Unix
		$3.inheritsSet = Mono
		$3.inheritsScope = text/plain
		$3.scope = text/plain
	EndGlobalSection

EndGlobal
